
Microsoft Visual Studio Solution File, Format Version 12.00
# Visual Studio Version 16
VisualStudioVersion = 16.0.29020.237
MinimumVisualStudioVersion = 10.0.40219.1
Project("{FAE04EC0-301F-11D3-BF4B-00C04F79EFBC}") = "TaskScheduler", "TaskScheduler\TaskScheduler.csproj", "{4A41A40B-5229-48AA-892C-A4DBDB6E40A7}"
EndProject
Global
	GlobalSection(SolutionConfigurationPlatforms) = preSolution
		Debug|Any CPU = Debug|Any CPU
		Release|Any CPU = Release|Any CPU
	EndGlobalSection
	GlobalSection(ProjectConfigurationPlatforms) = postSolution
		{4A41A40B-5229-48AA-892C-A4DBDB6E40A7}.Debug|Any CPU.ActiveCfg = Debug|Any CPU
		{4A41A40B-5229-48AA-892C-A4DBDB6E40A7}.Debug|Any CPU.Build.0 = Debug|Any CPU
		{4A41A40B-5229-48AA-892C-A4DBDB6E40A7}.Release|Any CPU.ActiveCfg = Release|Any CPU
		{4A41A40B-5229-48AA-892C-A4DBDB6E40A7}.Release|Any CPU.Build.0 = Release|Any CPU
	EndGlobalSection
	GlobalSection(SolutionProperties) = preSolution
		HideSolutionNode = FALSE
	EndGlobalSection
	GlobalSection(ExtensibilityGlobals) = postSolution
		SolutionGuid = {7C7242B0-5D84-4D1C-9993-0093726C5533}
	EndGlobalSection
EndGlobal
